
Microsoft Visual Studio Solution File, Format Version 12.00
# Visual Studio Version 17
VisualStudioVersion = 17.10.35122.118
MinimumVisualStudioVersion = 10.0.40219.1
Project("{FAE04EC0-301F-11D3-BF4B-00C04F79EFBC}") = "Jerrybaring1", "Jerrybaring1\Jerrybaring1\Jerrybaring1.csproj", "{C19FE2A1-40C9-48E6-9520-2DE9316A784F}"
EndProject
Project("{FAE04EC0-301F-11D3-BF4B-00C04F79EFBC}") = "Jerrybaring1.Android", "Jerrybaring1\Jerrybaring1.Android\Jerrybaring1.Android.csproj", "{215D9FF0-23CD-4ADC-9F0A-62D1A48DA057}"
EndProject
Project("{FAE04EC0-301F-11D3-BF4B-00C04F79EFBC}") = "Jerrybaring1.Desktop", "Jerrybaring1\Jerrybaring1.Desktop\Jerrybaring1.Desktop.csproj", "{B0AAF480-C06C-4CE1-959F-6A120B7DDA8A}"
EndProject
Project("{FAE04EC0-301F-11D3-BF4B-00C04F79EFBC}") = "Jerrybaring1.iOS", "Jerrybaring1\Jerrybaring1.iOS\Jerrybaring1.iOS.csproj", "{AC84CA1F-D165-4E73-A1E2-381A8935B19F}"
EndProject
Project("{FAE04EC0-301F-11D3-BF4B-00C04F79EFBC}") = "Jerrybaring1.Browser", "Jerrybaring1\Jerrybaring1.Browser\Jerrybaring1.Browser.csproj", "{74723B05-F195-4BCF-8737-CD1AA095F095}"
EndProject
Global
	GlobalSection(SolutionConfigurationPlatforms) = preSolution
		Debug|Any CPU = Debug|Any CPU
		Release|Any CPU = Release|Any CPU
	EndGlobalSection
	GlobalSection(ProjectConfigurationPlatforms) = postSolution
		{C19FE2A1-40C9-48E6-9520-2DE9316A784F}.Debug|Any CPU.ActiveCfg = Debug|Any CPU
		{C19FE2A1-40C9-48E6-9520-2DE9316A784F}.Debug|Any CPU.Build.0 = Debug|Any CPU
		{C19FE2A1-40C9-48E6-9520-2DE9316A784F}.Release|Any CPU.ActiveCfg = Release|Any CPU
		{C19FE2A1-40C9-48E6-9520-2DE9316A784F}.Release|Any CPU.Build.0 = Release|Any CPU
		{215D9FF0-23CD-4ADC-9F0A-62D1A48DA057}.Debug|Any CPU.ActiveCfg = Debug|Any CPU
		{215D9FF0-23CD-4ADC-9F0A-62D1A48DA057}.Debug|Any CPU.Build.0 = Debug|Any CPU
		{215D9FF0-23CD-4ADC-9F0A-62D1A48DA057}.Debug|Any CPU.Deploy.0 = Debug|Any CPU
		{215D9FF0-23CD-4ADC-9F0A-62D1A48DA057}.Release|Any CPU.ActiveCfg = Release|Any CPU
		{215D9FF0-23CD-4ADC-9F0A-62D1A48DA057}.Release|Any CPU.Build.0 = Release|Any CPU
		{215D9FF0-23CD-4ADC-9F0A-62D1A48DA057}.Release|Any CPU.Deploy.0 = Release|Any CPU
		{B0AAF480-C06C-4CE1-959F-6A120B7DDA8A}.Debug|Any CPU.ActiveCfg = Debug|Any CPU
		{B0AAF480-C06C-4CE1-959F-6A120B7DDA8A}.Debug|Any CPU.Build.0 = Debug|Any CPU
		{B0AAF480-C06C-4CE1-959F-6A120B7DDA8A}.Release|Any CPU.ActiveCfg = Release|Any CPU
		{B0AAF480-C06C-4CE1-959F-6A120B7DDA8A}.Release|Any CPU.Build.0 = Release|Any CPU
		{AC84CA1F-D165-4E73-A1E2-381A8935B19F}.Debug|Any CPU.ActiveCfg = Debug|Any CPU
		{AC84CA1F-D165-4E73-A1E2-381A8935B19F}.Debug|Any CPU.Build.0 = Debug|Any CPU
		{AC84CA1F-D165-4E73-A1E2-381A8935B19F}.Debug|Any CPU.Deploy.0 = Debug|Any CPU
		{AC84CA1F-D165-4E73-A1E2-381A8935B19F}.Release|Any CPU.ActiveCfg = Release|Any CPU
		{AC84CA1F-D165-4E73-A1E2-381A8935B19F}.Release|Any CPU.Build.0 = Release|Any CPU
		{AC84CA1F-D165-4E73-A1E2-381A8935B19F}.Release|Any CPU.Deploy.0 = Release|Any CPU
		{74723B05-F195-4BCF-8737-CD1AA095F095}.Debug|Any CPU.ActiveCfg = Debug|Any CPU
		{74723B05-F195-4BCF-8737-CD1AA095F095}.Debug|Any CPU.Build.0 = Debug|Any CPU
		{74723B05-F195-4BCF-8737-CD1AA095F095}.Release|Any CPU.ActiveCfg = Release|Any CPU
		{74723B05-F195-4BCF-8737-CD1AA095F095}.Release|Any CPU.Build.0 = Release|Any CPU
	EndGlobalSection
	GlobalSection(SolutionProperties) = preSolution
		HideSolutionNode = FALSE
	EndGlobalSection
	GlobalSection(ExtensibilityGlobals) = postSolution
		SolutionGuid = {FF78CB45-626A-4FC7-8B01-1C55168C1A44}
	EndGlobalSection
EndGlobal
